
Microsoft Visual Studio Solution File, Format Version 12.00
# Visual Studio 15
VisualStudioVersion = 15.0.27703.2035
MinimumVisualStudioVersion = 10.0.40219.1
Project("{8BC9CEB8-8B4A-11D0-8D11-00A0C91BC942}") = "Module1", "Module1\Module1.vcxproj", "{97AAC86F-BE06-4B29-9D11-F39B26B04A09}"
EndProject
Project("{8BC9CEB8-8B4A-11D0-8D11-00A0C91BC942}") = "Module2", "Module2\Module2.vcxproj", "{18A07CCB-F406-46C4-9B78-CC29358A40D5}"
EndProject
Project("{8BC9CEB8-8B4A-11D0-8D11-00A0C91BC942}") = "Homework1", "Homework1\Homework1.vcxproj", "{04145B88-2F2F-436C-B24D-4C2019537033}"
EndProject
Project("{8BC9CEB8-8B4A-11D0-8D11-00A0C91BC942}") = "Homework2", "Homework2\Homework2.vcxproj", "{4C103A7E-316E-4635-9019-F6091BBBD3EF}"
EndProject
Project("{8BC9CEB8-8B4A-11D0-8D11-00A0C91BC942}") = "Module3", "Module3\Module3.vcxproj", "{A05EBAFD-4B97-411F-9A57-4CA3F290D1CF}"
EndProject
Project("{8BC9CEB8-8B4A-11D0-8D11-00A0C91BC942}") = "Homework3", "Homework3\Homework3.vcxproj", "{44E356AE-98D1-4FBE-B01C-D844536804DC}"
EndProject
Project("{8BC9CEB8-8B4A-11D0-8D11-00A0C91BC942}") = "Module4", "Module4\Module4.vcxproj", "{6BA7B5A1-A8CD-45C8-BA33-B9057D72B4E1}"
EndProject
Project("{8BC9CEB8-8B4A-11D0-8D11-00A0C91BC942}") = "Homework4", "Homework4\Homework4.vcxproj", "{F6A2B89B-135A-4248-A0CF-87724E25AF22}"
EndProject
Project("{8BC9CEB8-8B4A-11D0-8D11-00A0C91BC942}") = "Module5", "Module5\Module5.vcxproj", "{1D19007F-7B5E-4FEB-9148-B20F5BFD3ADF}"
EndProject
Project("{8BC9CEB8-8B4A-11D0-8D11-00A0C91BC942}") = "Homework5", "Homework5\Homework5.vcxproj", "{19CBB98D-D908-4B5B-85FB-F3705F105D62}"
EndProject
Project("{8BC9CEB8-8B4A-11D0-8D11-00A0C91BC942}") = "Module6", "Module6\Module6.vcxproj", "{4FAAA6B4-B785-49BA-9DF7-76B64EE1B22F}"
EndProject
Project("{8BC9CEB8-8B4A-11D0-8D11-00A0C91BC942}") = "Homework6", "Homework6\Homework6.vcxproj", "{CE76CEDB-8930-463C-BB45-909A9351495B}"
EndProject
Project("{8BC9CEB8-8B4A-11D0-8D11-00A0C91BC942}") = "Final", "Final\Final.vcxproj", "{7E629C9B-3DD6-4B20-AA51-875DE8FE416A}"
EndProject
Project("{8BC9CEB8-8B4A-11D0-8D11-00A0C91BC942}") = "Review", "Review\Review.vcxproj", "{A262AB79-C9B0-427C-9D69-E9C79D5D3EF1}"
EndProject
Project("{8BC9CEB8-8B4A-11D0-8D11-00A0C91BC942}") = "EC", "EC\EC.vcxproj", "{F6B198CB-5986-4140-9FE3-9E0F3FC4BE81}"
EndProject
Global
	GlobalSection(SolutionConfigurationPlatforms) = preSolution
		Debug|x64 = Debug|x64
		Debug|x86 = Debug|x86
		Release|x64 = Release|x64
		Release|x86 = Release|x86
	EndGlobalSection
	GlobalSection(ProjectConfigurationPlatforms) = postSolution
		{97AAC86F-BE06-4B29-9D11-F39B26B04A09}.Debug|x64.ActiveCfg = Debug|x64
		{97AAC86F-BE06-4B29-9D11-F39B26B04A09}.Debug|x64.Build.0 = Debug|x64
		{97AAC86F-BE06-4B29-9D11-F39B26B04A09}.Debug|x86.ActiveCfg = Debug|Win32
		{97AAC86F-BE06-4B29-9D11-F39B26B04A09}.Debug|x86.Build.0 = Debug|Win32
		{97AAC86F-BE06-4B29-9D11-F39B26B04A09}.Release|x64.ActiveCfg = Release|x64
		{97AAC86F-BE06-4B29-9D11-F39B26B04A09}.Release|x64.Build.0 = Release|x64
		{97AAC86F-BE06-4B29-9D11-F39B26B04A09}.Release|x86.ActiveCfg = Release|Win32
		{97AAC86F-BE06-4B29-9D11-F39B26B04A09}.Release|x86.Build.0 = Release|Win32
		{18A07CCB-F406-46C4-9B78-CC29358A40D5}.Debug|x64.ActiveCfg = Debug|x64
		{18A07CCB-F406-46C4-9B78-CC29358A40D5}.Debug|x64.Build.0 = Debug|x64
		{18A07CCB-F406-46C4-9B78-CC29358A40D5}.Debug|x86.ActiveCfg = Debug|Win32
		{18A07CCB-F406-46C4-9B78-CC29358A40D5}.Debug|x86.Build.0 = Debug|Win32
		{18A07CCB-F406-46C4-9B78-CC29358A40D5}.Release|x64.ActiveCfg = Release|x64
		{18A07CCB-F406-46C4-9B78-CC29358A40D5}.Release|x64.Build.0 = Release|x64
		{18A07CCB-F406-46C4-9B78-CC29358A40D5}.Release|x86.ActiveCfg = Release|Win32
		{18A07CCB-F406-46C4-9B78-CC29358A40D5}.Release|x86.Build.0 = Release|Win32
		{04145B88-2F2F-436C-B24D-4C2019537033}.Debug|x64.ActiveCfg = Debug|x64
		{04145B88-2F2F-436C-B24D-4C2019537033}.Debug|x64.Build.0 = Debug|x64
		{04145B88-2F2F-436C-B24D-4C2019537033}.Debug|x86.ActiveCfg = Debug|Win32
		{04145B88-2F2F-436C-B24D-4C2019537033}.Debug|x86.Build.0 = Debug|Win32
		{04145B88-2F2F-436C-B24D-4C2019537033}.Release|x64.ActiveCfg = Release|x64
		{04145B88-2F2F-436C-B24D-4C2019537033}.Release|x64.Build.0 = Release|x64
		{04145B88-2F2F-436C-B24D-4C2019537033}.Release|x86.ActiveCfg = Release|Win32
		{04145B88-2F2F-436C-B24D-4C2019537033}.Release|x86.Build.0 = Release|Win32
		{4C103A7E-316E-4635-9019-F6091BBBD3EF}.Debug|x64.ActiveCfg = Debug|x64
		{4C103A7E-316E-4635-9019-F6091BBBD3EF}.Debug|x64.Build.0 = Debug|x64
		{4C103A7E-316E-4635-9019-F6091BBBD3EF}.Debug|x86.ActiveCfg = Debug|Win32
		{4C103A7E-316E-4635-9019-F6091BBBD3EF}.Debug|x86.Build.0 = Debug|Win32
		{4C103A7E-316E-4635-9019-F6091BBBD3EF}.Release|x64.ActiveCfg = Release|x64
		{4C103A7E-316E-4635-9019-F6091BBBD3EF}.Release|x64.Build.0 = Release|x64
		{4C103A7E-316E-4635-9019-F6091BBBD3EF}.Release|x86.ActiveCfg = Release|Win32
		{4C103A7E-316E-4635-9019-F6091BBBD3EF}.Release|x86.Build.0 = Release|Win32
		{A05EBAFD-4B97-411F-9A57-4CA3F290D1CF}.Debug|x64.ActiveCfg = Debug|x64
		{A05EBAFD-4B97-411F-9A57-4CA3F290D1CF}.Debug|x64.Build.0 = Debug|x64
		{A05EBAFD-4B97-411F-9A57-4CA3F290D1CF}.Debug|x86.ActiveCfg = Debug|Win32
		{A05EBAFD-4B97-411F-9A57-4CA3F290D1CF}.Debug|x86.Build.0 = Debug|Win32
		{A05EBAFD-4B97-411F-9A57-4CA3F290D1CF}.Release|x64.ActiveCfg = Release|x64
		{A05EBAFD-4B97-411F-9A57-4CA3F290D1CF}.Release|x64.Build.0 = Release|x64
		{A05EBAFD-4B97-411F-9A57-4CA3F290D1CF}.Release|x86.ActiveCfg = Release|Win32
		{A05EBAFD-4B97-411F-9A57-4CA3F290D1CF}.Release|x86.Build.0 = Release|Win32
		{44E356AE-98D1-4FBE-B01C-D844536804DC}.Debug|x64.ActiveCfg = Debug|x64
		{44E356AE-98D1-4FBE-B01C-D844536804DC}.Debug|x64.Build.0 = Debug|x64
		{44E356AE-98D1-4FBE-B01C-D844536804DC}.Debug|x86.ActiveCfg = Debug|Win32
		{44E356AE-98D1-4FBE-B01C-D844536804DC}.Debug|x86.Build.0 = Debug|Win32
		{44E356AE-98D1-4FBE-B01C-D844536804DC}.Release|x64.ActiveCfg = Release|x64
		{44E356AE-98D1-4FBE-B01C-D844536804DC}.Release|x64.Build.0 = Release|x64
		{44E356AE-98D1-4FBE-B01C-D844536804DC}.Release|x86.ActiveCfg = Release|Win32
		{44E356AE-98D1-4FBE-B01C-D844536804DC}.Release|x86.Build.0 = Release|Win32
		{6BA7B5A1-A8CD-45C8-BA33-B9057D72B4E1}.Debug|x64.ActiveCfg = Debug|x64
		{6BA7B5A1-A8CD-45C8-BA33-B9057D72B4E1}.Debug|x64.Build.0 = Debug|x64
		{6BA7B5A1-A8CD-45C8-BA33-B9057D72B4E1}.Debug|x86.ActiveCfg = Debug|Win32
		{6BA7B5A1-A8CD-45C8-BA33-B9057D72B4E1}.Debug|x86.Build.0 = Debug|Win32
		{6BA7B5A1-A8CD-45C8-BA33-B9057D72B4E1}.Release|x64.ActiveCfg = Release|x64
		{6BA7B5A1-A8CD-45C8-BA33-B9057D72B4E1}.Release|x64.Build.0 = Release|x64
		{6BA7B5A1-A8CD-45C8-BA33-B9057D72B4E1}.Release|x86.ActiveCfg = Release|Win32
		{6BA7B5A1-A8CD-45C8-BA33-B9057D72B4E1}.Release|x86.Build.0 = Release|Win32
		{F6A2B89B-135A-4248-A0CF-87724E25AF22}.Debug|x64.ActiveCfg = Debug|x64
		{F6A2B89B-135A-4248-A0CF-87724E25AF22}.Debug|x64.Build.0 = Debug|x64
		{F6A2B89B-135A-4248-A0CF-87724E25AF22}.Debug|x86.ActiveCfg = Debug|Win32
		{F6A2B89B-135A-4248-A0CF-87724E25AF22}.Debug|x86.Build.0 = Debug|Win32
		{F6A2B89B-135A-4248-A0CF-87724E25AF22}.Release|x64.ActiveCfg = Release|x64
		{F6A2B89B-135A-4248-A0CF-87724E25AF22}.Release|x64.Build.0 = Release|x64
		{F6A2B89B-135A-4248-A0CF-87724E25AF22}.Release|x86.ActiveCfg = Release|Win32
		{F6A2B89B-135A-4248-A0CF-87724E25AF22}.Release|x86.Build.0 = Release|Win32
		{1D19007F-7B5E-4FEB-9148-B20F5BFD3ADF}.Debug|x64.ActiveCfg = Debug|x64
		{1D19007F-7B5E-4FEB-9148-B20F5BFD3ADF}.Debug|x64.Build.0 = Debug|x64
		{1D19007F-7B5E-4FEB-9148-B20F5BFD3ADF}.Debug|x86.ActiveCfg = Debug|Win32
		{1D19007F-7B5E-4FEB-9148-B20F5BFD3ADF}.Debug|x86.Build.0 = Debug|Win32
		{1D19007F-7B5E-4FEB-9148-B20F5BFD3ADF}.Release|x64.ActiveCfg = Release|x64
		{1D19007F-7B5E-4FEB-9148-B20F5BFD3ADF}.Release|x64.Build.0 = Release|x64
		{1D19007F-7B5E-4FEB-9148-B20F5BFD3ADF}.Release|x86.ActiveCfg = Release|Win32
		{1D19007F-7B5E-4FEB-9148-B20F5BFD3ADF}.Release|x86.Build.0 = Release|Win32
		{19CBB98D-D908-4B5B-85FB-F3705F105D62}.Debug|x64.ActiveCfg = Debug|x64
		{19CBB98D-D908-4B5B-85FB-F3705F105D62}.Debug|x64.Build.0 = Debug|x64
		{19CBB98D-D908-4B5B-85FB-F3705F105D62}.Debug|x86.ActiveCfg = Debug|Win32
		{19CBB98D-D908-4B5B-85FB-F3705F105D62}.Debug|x86.Build.0 = Debug|Win32
		{19CBB98D-D908-4B5B-85FB-F3705F105D62}.Release|x64.ActiveCfg = Release|x64
		{19CBB98D-D908-4B5B-85FB-F3705F105D62}.Release|x64.Build.0 = Release|x64
		{19CBB98D-D908-4B5B-85FB-F3705F105D62}.Release|x86.ActiveCfg = Release|Win32
		{19CBB98D-D908-4B5B-85FB-F3705F105D62}.Release|x86.Build.0 = Release|Win32
		{4FAAA6B4-B785-49BA-9DF7-76B64EE1B22F}.Debug|x64.ActiveCfg = Debug|x64
		{4FAAA6B4-B785-49BA-9DF7-76B64EE1B22F}.Debug|x64.Build.0 = Debug|x64
		{4FAAA6B4-B785-49BA-9DF7-76B64EE1B22F}.Debug|x86.ActiveCfg = Debug|Win32
		{4FAAA6B4-B785-49BA-9DF7-76B64EE1B22F}.Debug|x86.Build.0 = Debug|Win32
		{4FAAA6B4-B785-49BA-9DF7-76B64EE1B22F}.Release|x64.ActiveCfg = Release|x64
		{4FAAA6B4-B785-49BA-9DF7-76B64EE1B22F}.Release|x64.Build.0 = Release|x64
		{4FAAA6B4-B785-49BA-9DF7-76B64EE1B22F}.Release|x86.ActiveCfg = Release|Win32
		{4FAAA6B4-B785-49BA-9DF7-76B64EE1B22F}.Release|x86.Build.0 = Release|Win32
		{CE76CEDB-8930-463C-BB45-909A9351495B}.Debug|x64.ActiveCfg = Debug|x64
		{CE76CEDB-8930-463C-BB45-909A9351495B}.Debug|x64.Build.0 = Debug|x64
		{CE76CEDB-8930-463C-BB45-909A9351495B}.Debug|x86.ActiveCfg = Debug|Win32
		{CE76CEDB-8930-463C-BB45-909A9351495B}.Debug|x86.Build.0 = Debug|Win32
		{CE76CEDB-8930-463C-BB45-909A9351495B}.Release|x64.ActiveCfg = Release|x64
		{CE76CEDB-8930-463C-BB45-909A9351495B}.Release|x64.Build.0 = Release|x64
		{CE76CEDB-8930-463C-BB45-909A9351495B}.Release|x86.ActiveCfg = Release|Win32
		{CE76CEDB-8930-463C-BB45-909A9351495B}.Release|x86.Build.0 = Release|Win32
		{7E629C9B-3DD6-4B20-AA51-875DE8FE416A}.Debug|x64.ActiveCfg = Debug|x64
		{7E629C9B-3DD6-4B20-AA51-875DE8FE416A}.Debug|x64.Build.0 = Debug|x64
		{7E629C9B-3DD6-4B20-AA51-875DE8FE416A}.Debug|x86.ActiveCfg = Debug|Win32
		{7E629C9B-3DD6-4B20-AA51-875DE8FE416A}.Debug|x86.Build.0 = Debug|Win32
		{7E629C9B-3DD6-4B20-AA51-875DE8FE416A}.Release|x64.ActiveCfg = Release|x64
		{7E629C9B-3DD6-4B20-AA51-875DE8FE416A}.Release|x64.Build.0 = Release|x64
		{7E629C9B-3DD6-4B20-AA51-875DE8FE416A}.Release|x86.ActiveCfg = Release|Win32
		{7E629C9B-3DD6-4B20-AA51-875DE8FE416A}.Release|x86.Build.0 = Release|Win32
		{A262AB79-C9B0-427C-9D69-E9C79D5D3EF1}.Debug|x64.ActiveCfg = Debug|x64
		{A262AB79-C9B0-427C-9D69-E9C79D5D3EF1}.Debug|x64.Build.0 = Debug|x64
		{A262AB79-C9B0-427C-9D69-E9C79D5D3EF1}.Debug|x86.ActiveCfg = Debug|Win32
		{A262AB79-C9B0-427C-9D69-E9C79D5D3EF1}.Debug|x86.Build.0 = Debug|Win32
		{A262AB79-C9B0-427C-9D69-E9C79D5D3EF1}.Release|x64.ActiveCfg = Release|x64
		{A262AB79-C9B0-427C-9D69-E9C79D5D3EF1}.Release|x64.Build.0 = Release|x64
		{A262AB79-C9B0-427C-9D69-E9C79D5D3EF1}.Release|x86.ActiveCfg = Release|Win32
		{A262AB79-C9B0-427C-9D69-E9C79D5D3EF1}.Release|x86.Build.0 = Release|Win32
		{F6B198CB-5986-4140-9FE3-9E0F3FC4BE81}.Debug|x64.ActiveCfg = Debug|x64
		{F6B198CB-5986-4140-9FE3-9E0F3FC4BE81}.Debug|x64.Build.0 = Debug|x64
		{F6B198CB-5986-4140-9FE3-9E0F3FC4BE81}.Debug|x86.ActiveCfg = Debug|Win32
		{F6B198CB-5986-4140-9FE3-9E0F3FC4BE81}.Debug|x86.Build.0 = Debug|Win32
		{F6B198CB-5986-4140-9FE3-9E0F3FC4BE81}.Release|x64.ActiveCfg = Release|x64
		{F6B198CB-5986-4140-9FE3-9E0F3FC4BE81}.Release|x64.Build.0 = Release|x64
		{F6B198CB-5986-4140-9FE3-9E0F3FC4BE81}.Release|x86.ActiveCfg = Release|Win32
		{F6B198CB-5986-4140-9FE3-9E0F3FC4BE81}.Release|x86.Build.0 = Release|Win32
	EndGlobalSection
	GlobalSection(SolutionProperties) = preSolution
		HideSolutionNode = FALSE
	EndGlobalSection
	GlobalSection(ExtensibilityGlobals) = postSolution
		SolutionGuid = {0814D071-B212-4E3C-8B3E-61C1EB5DBF17}
	EndGlobalSection
EndGlobal
