<?xml version="1.0" encoding="utf-8"?>
<Project ToolsVersion="4.0" xmlns="http://schemas.microsoft.com/developer/msbuild/2003">
  <ItemGroup>
    <Filter Include="Source Files">
      <UniqueIdentifier>{4FC737F1-C7A5-4376-A066-2A32D752A2FF}</UniqueIdentifier>
      <Extensions>cpp;c;cc;cxx;def;odl;idl;hpj;bat;asm;asmx</Extensions>
    </Filter>
    <Filter Include="Header Files">
      <UniqueIdentifier>{93995380-89BD-4b04-88EB-625FBE52EBFB}</UniqueIdentifier>
      <Extensions>h;hh;hpp;hxx;hm;inl;inc;ipp;xsd</Extensions>
    </Filter>
    <Filter Include="Resource Files">
      <UniqueIdentifier>{67DA6AB6-F800-4c08-8B7A-83BB121AAD01}</UniqueIdentifier>
      <Extensions>rc;ico;cur;bmp;dlg;rc2;rct;bin;rgs;gif;jpg;jpeg;jpe;resx;tiff;tif;png;wav;mfcribbon-ms</Extensions>
    </Filter>
  </ItemGroup>
  <ItemGroup>
    <ClInclude Include="Card.h">
      <Filter>Header Files</Filter>
    </ClInclude>
    <ClInclude Include="Pile.h">
      <Filter>Header Files</Filter>
    </ClInclude>
    <ClInclude Include="Player.h">
      <Filter>Header Files</Filter>
    </ClInclude>
    <ClInclude Include="DefuseCard.h">
      <Filter>Header Files</Filter>
    </ClInclude>
    <ClInclude Include="DrawPile.h">
      <Filter>Header Files</Filter>
    </ClInclude>
    <ClInclude Include="EK.h">
      <Filter>Header Files</Filter>
    </ClInclude>
    <ClInclude Include="SeeTheFutureCard.h">
      <Filter>Header Files</Filter>
    </ClInclude>
    <ClInclude Include="ShuffleCard.h">
      <Filter>Header Files</Filter>
    </ClInclude>
    <ClInclude Include="SkipCard.h">
      <Filter>Header Files</Filter>
    </ClInclude>
    <ClInclude Include="NopeCard.h">
      <Filter>Header Files</Filter>
    </ClInclude>
    <ClInclude Include="ExplodingKitten.h">
      <Filter>Header Files</Filter>
    </ClInclude>
    <ClInclude Include="FavorCard.h">
      <Filter>Header Files</Filter>
    </ClInclude>
    <ClInclude Include="AttackCard.h">
      <Filter>Header Files</Filter>
    </ClInclude>
  </ItemGroup>
  <ItemGroup>
    <ClCompile Include="DefuseCard.cpp">
      <Filter>Source Files</Filter>
    </ClCompile>
    <ClCompile Include="Card.cpp">
      <Filter>Source Files</Filter>
    </ClCompile>
    <ClCompile Include="AttackCard.cpp">
      <Filter>Source Files</Filter>
    </ClCompile>
    <ClCompile Include="DrawPile.cpp">
      <Filter>Source Files</Filter>
    </ClCompile>
    <ClCompile Include="EK_main.cpp">
      <Filter>Source Files</Filter>
    </ClCompile>
    <ClCompile Include="ExplodingKitten.cpp">
      <Filter>Source Files</Filter>
    </ClCompile>
    <ClCompile Include="FavorCard.cpp">
      <Filter>Source Files</Filter>
    </ClCompile>
    <ClCompile Include="helper.cpp">
      <Filter>Source Files</Filter>
    </ClCompile>
    <ClCompile Include="NopeCard.cpp">
      <Filter>Source Files</Filter>
    </ClCompile>
    <ClCompile Include="Pile.cpp">
      <Filter>Source Files</Filter>
    </ClCompile>
    <ClCompile Include="Player.cpp">
      <Filter>Source Files</Filter>
    </ClCompile>
    <ClCompile Include="SeeTheFutureCard.cpp">
      <Filter>Source Files</Filter>
    </ClCompile>
    <ClCompile Include="ShuffleCard.cpp">
      <Filter>Source Files</Filter>
    </ClCompile>
    <ClCompile Include="SkipCard.cpp">
      <Filter>Source Files</Filter>
    </ClCompile>
    <ClCompile Include="test.cpp">
      <Filter>Source Files</Filter>
    </ClCompile>
  </ItemGroup>
</Project>